// !$*UTF8*$!
{
	archiveVersion = 1;
	classes = {
	};
	objectVersion = 48;
	objects = {

/* Begin PBXBuildFile section */
		CDE0F3A4207CA1BA00C2C06F /* AppDelegate.swift in Sources */ = {isa = PBXBuildFile; fileRef = CDE0F3A3207CA1BA00C2C06F /* AppDelegate.swift */; };
		CDE0F3A6207CA1BA00C2C06F /* ViewController.swift in Sources */ = {isa = PBXBuildFile; fileRef = CDE0F3A5207CA1BA00C2C06F /* ViewController.swift */; };
		CDE0F3A9207CA1BA00C2C06F /* Main.storyboard in Resources */ = {isa = PBXBuildFile; fileRef = CDE0F3A7207CA1BA00C2C06F /* Main.storyboard */; };
		CDE0F3AB207CA1BA00C2C06F /* Assets.xcassets in Resources */ = {isa = PBXBuildFile; fileRef = CDE0F3AA207CA1BA00C2C06F /* Assets.xcassets */; };
		CDE0F3AE207CA1BA00C2C06F /* LaunchScreen.storyboard in Resources */ = {isa = PBXBuildFile; fileRef = CDE0F3AC207CA1BA00C2C06F /* LaunchScreen.storyboard */; };
/* End PBXBuildFile section */

/* Begin PBXFileReference section */
		CDE0F3A0207CA1BA00C2C06F /* hugaku.app */ = {isa = PBXFileReference; explicitFileType = wrapper.application; includeInIndex = 0; path = hugaku.app; sourceTree = BUILT_PRODUCTS_DIR; };
		CDE0F3A3207CA1BA00C2C06F /* AppDelegate.swift */ = {isa = PBXFileReference; lastKnownFileType = sourcecode.swift; path = AppDelegate.swift; sourceTree = "<group>"; };
		CDE0F3A5207CA1BA00C2C06F /* ViewController.swift */ = {isa = PBXFileReference; lastKnownFileType = sourcecode.swift; path = ViewController.swift; sourceTree = "<group>"; };
		CDE0F3A8207CA1BA00C2C06F /* Base */ = {isa = PBXFileReference; lastKnownFileType = file.storyboard; name = Base; path = Base.lproj/Main.storyboard; sourceTree = "<group>"; };
		CDE0F3AA207CA1BA00C2C06F /* Assets.xcassets */ = {isa = PBXFileReference; lastKnownFileType = folder.assetcatalog; path = Assets.xcassets; sourceTree = "<group>"; };
		CDE0F3AD207CA1BA00C2C06F /* Base */ = {isa = PBXFileReference; lastKnownFileType = file.storyboard; name = Base; path = Base.lproj/LaunchScreen.storyboard; sourceTree = "<group>"; };
		CDE0F3AF207CA1BA00C2C06F /* Info.plist */ = {isa = PBXFileReference; lastKnownFileType = text.plist.xml; path = Info.plist; sourceTree = "<group>"; };
/* End PBXFileReference section */

/* Begin PBXFrameworksBuildPhase section */
		CDE0F39D207CA1BA00C2C06F /* Frameworks */ = {
			isa = PBXFrameworksBuildPhase;
			buildActionMask = 2147483647;
			files = (
			);
			runOnlyForDeploymentPostprocessing = 0;
		};
/* End PBXFrameworksBuildPhase section */

/* Begin PBXGroup section */
		CDE0F397207CA1BA00C2C06F = {
			isa = PBXGroup;
			children = (
				CDE0F3A2207CA1BA00C2C06F /* hugaku */,
				CDE0F3A1207CA1BA00C2C06F /* Products */,
			);
			sourceTree = "<group>";
		};
		CDE0F3A1207CA1BA00C2C06F /* Products */ = {
			isa = PBXGroup;
			children = (
				CDE0F3A0207CA1BA00C2C06F /* hugaku.app */,
			);
			name = Products;
			sourceTree = "<group>";
		};
		CDE0F3A2207CA1BA00C2C06F /* hugaku */ = {
			isa = PBXGroup;
			children = (
				CDE0F3A3207CA1BA00C2C06F /* AppDelegate.swift */,
				CDE0F3A5207CA1BA00C2C06F /* ViewController.swift */,
				CDE0F3A7207CA1BA00C2C06F /* Main.storyboard */,
				CDE0F3AA207CA1BA00C2C06F /* Assets.xcassets */,
				CDE0F3AC207CA1BA00C2C06F /* LaunchScreen.storyboard */,
				CDE0F3AF207CA1BA00C2C06F /* Info.plist */,
			);
			path = hugaku;
			sourceTree = "<group>";
		};
/* End PBXGroup section */

/* Begin PBXNativeTarget section */
		CDE0F39F207CA1BA00C2C06F /* hugaku */ = {
			isa = PBXNativeTarget;
			buildConfigurationList = CDE0F3B2207CA1BA00C2C06F /* Build configuration list for PBXNativeTarget "hugaku" */;
			buildPhases = (
				CDE0F39C207CA1BA00C2C06F /* Sources */,
				CDE0F39D207CA1BA00C2C06F /* Frameworks */,
				CDE0F39E207CA1BA00C2C06F /* Resources */,
			);
			buildRules = (
			);
			dependencies = (
			);
			name = hugaku;
			productName = hugaku;
			productReference = CDE0F3A0207CA1BA00C2C06F /* hugaku.app */;
			productType = "com.apple.product-type.application";
		};
/* End PBXNativeTarget section */

/* Begin PBXProject section */
		CDE0F398207CA1BA00C2C06F /* Project object */ = {
			isa = PBXProject;
			attributes = {
				LastSwiftUpdateCheck = 0920;
				LastUpgradeCheck = 0920;
				ORGANIZATIONNAME = ching;
				TargetAttributes = {
					CDE0F39F207CA1BA00C2C06F = {
						CreatedOnToolsVersion = 9.2;
						ProvisioningStyle = Automatic;
					};
				};
			};
			buildConfigurationList = CDE0F39B207CA1BA00C2C06F /* Build configuration list for PBXProject "hugaku" */;
			compatibilityVersion = "Xcode 8.0";
			developmentRegion = en;
			hasScannedForEncodings = 0;
			knownRegions = (
				en,
				Base,
			);
			mainGroup = CDE0F397207CA1BA00C2C06F;
			productRefGroup = CDE0F3A1207CA1BA00C2C06F /* Products */;
			projectDirPath = "";
			projectRoot = "";
			targets = (
				CDE0F39F207CA1BA00C2C06F /* hugaku */,
			);
		};
/* End PBXProject section */

/* Begin PBXResourcesBuildPhase section */
		CDE0F39E207CA1BA00C2C06F /* Resources */ = {
			isa = PBXResourcesBuildPhase;
			buildActionMask = 2147483647;
			files = (
				CDE0F3AE207CA1BA00C2C06F /* LaunchScreen.storyboard in Resources */,
				CDE0F3AB207CA1BA00C2C06F /* Assets.xcassets in Resources */,
				CDE0F3A9207CA1BA00C2C06F /* Main.storyboard in Resources */,
			);
			runOnlyForDeploymentPostprocessing = 0;
		};
/* End PBXResourcesBuildPhase section */

/* Begin PBXSourcesBuildPhase section */
		CDE0F39C207CA1BA00C2C06F /* Sources */ = {
			isa = PBXSourcesBuildPhase;
			buildActionMask = 2147483647;
			files = (
				CDE0F3A6207CA1BA00C2C06F /* ViewController.swift in Sources */,
				CDE0F3A4207CA1BA00C2C06F /* AppDelegate.swift in Sources */,
			);
			runOnlyForDeploymentPostprocessing = 0;
		};
/* End PBXSourcesBuildPhase section */

/* Begin PBXVariantGroup section */
		CDE0F3A7207CA1BA00C2C06F /* Main.storyboard */ = {
			isa = PBXVariantGroup;
			children = (
				CDE0F3A8207CA1BA00C2C06F /* Base */,
			);
			name = Main.storyboard;
			sourceTree = "<group>";
		};
		CDE0F3AC207CA1BA00C2C06F /* LaunchScreen.storyboard */ = {
			isa = PBXVariantGroup;
			children = (
				CDE0F3AD207CA1BA00C2C06F /* Base */,
			);
			name = LaunchScreen.storyboard;
			sourceTree = "<group>";
		};
/* End PBXVariantGroup section */

/* Begin XCBuildConfiguration section */
		CDE0F3B0207CA1BA00C2C06F /* Debug */ = {
			isa = XCBuildConfiguration;
			buildSettings = {
				ALWAYS_SEARCH_USER_PATHS = NO;
				CLANG_ANALYZER_NONNULL = YES;
				CLANG_ANALYZER_NUMBER_OBJECT_CONVERSION = YES_AGGRESSIVE;
				CLANG_CXX_LANGUAGE_STANDARD = "gnu++14";
				CLANG_CXX_LIBRARY = "libc++";
				CLANG_ENABLE_MODULES = YES;
				CLANG_ENABLE_OBJC_ARC = YES;
				CLANG_WARN_BLOCK_CAPTURE_AUTORELEASING = YES;
				CLANG_WARN_BOOL_CONVERSION = YES;
				CLANG_WARN_COMMA = YES;
				CLANG_WARN_CONSTANT_CONVERSION = YES;
				CLANG_WARN_DIRECT_OBJC_ISA_USAGE = YES_ERROR;
				CLANG_WARN_DOCUMENTATION_COMMENTS = YES;
				CLANG_WARN_EMPTY_BODY = YES;
				CLANG_WARN_ENUM_CONVERSION = YES;
				CLANG_WARN_INFINITE_RECURSION = YES;
				CLANG_WARN_INT_CONVERSION = YES;
				CLANG_WARN_NON_LITERAL_NULL_CONVERSION = YES;
				CLANG_WARN_OBJC_LITERAL_CONVERSION = YES;
				CLANG_WARN_OBJC_ROOT_CLASS = YES_ERROR;
				CLANG_WARN_RANGE_LOOP_ANALYSIS = YES;
				CLANG_WARN_STRICT_PROTOTYPES = YES;
				CLANG_WARN_SUSPICIOUS_MOVE = YES;
				CLANG_WARN_UNGUARDED_AVAILABILITY = YES_AGGRESSIVE;
				CLANG_WARN_UNREACHABLE_CODE = YES;
				CLANG_WARN__DUPLICATE_METHOD_MATCH = YES;
				CODE_SIGN_IDENTITY = "iPhone Developer";
				COPY_PHASE_STRIP = NO;
				DEBUG_INFORMATION_FORMAT = dwarf;
				ENABLE_STRICT_OBJC_MSGSEND = YES;
				ENABLE_TESTABILITY = YES;
				GCC_C_LANGUAGE_STANDARD = gnu11;
				GCC_DYNAMIC_NO_PIC = NO;
				GCC_NO_COMMON_BLOCKS = YES;
				GCC_OPTIMIZATION_LEVEL = 0;
				GCC_PREPROCESSOR_DEFINITIONS = (
					"DEBUG=1",
					"$(inherited)",
				);
				GCC_WARN_64_TO_32_BIT_CONVERSION = YES;
				GCC_WARN_ABOUT_RETURN_TYPE = YES_ERROR;
				GCC_WARN_UNDECLARED_SELECTOR = YES;
				GCC_WARN_UNINITIALIZED_AUTOS = YES_AGGRESSIVE;
				GCC_WARN_UNUSED_FUNCTION = YES;
				GCC_WARN_UNUSED_VARIABLE = YES;
				IPHONEOS_DEPLOYMENT_TARGET = 11.2;
				MTL_ENABLE_DEBUG_INFO = YES;
				ONLY_ACTIVE_ARCH = YES;
				SDKROOT = iphoneos;
				SWIFT_ACTIVE_COMPILATION_CONDITIONS = DEBUG;
				SWIFT_OPTIMIZATION_LEVEL = "-Onone";
			};
			name = Debug;
		};
		CDE0F3B1207CA1BA00C2C06F /* Release */ = {
			isa = XCBuildConfiguration;
			buildSettings = {
				ALWAYS_SEARCH_USER_PATHS = NO;
				CLANG_ANALYZER_NONNULL = YES;
				CLANG_ANALYZER_NUMBER_OBJECT_CONVERSION = YES_AGGRESSIVE;
				CLANG_CXX_LANGUAGE_STANDARD = "gnu++14";
				CLANG_CXX_LIBRARY = "libc++";
				CLANG_ENABLE_MODULES = YES;
				CLANG_ENABLE_OBJC_ARC = YES;
				CLANG_WARN_BLOCK_CAPTURE_AUTORELEASING = YES;
				CLANG_WARN_BOOL_CONVERSION = YES;
				CLANG_WARN_COMMA = YES;
				CLANG_WARN_CONSTANT_CONVERSION = YES;
				CLANG_WARN_DIRECT_OBJC_ISA_USAGE = YES_ERROR;
				CLANG_WARN_DOCUMENTATION_COMMENTS = YES;
				CLANG_WARN_EMPTY_BODY = YES;
				CLANG_WARN_ENUM_CONVERSION = YES;
				CLANG_WARN_INFINITE_RECURSION = YES;
				CLANG_WARN_INT_CONVERSION = YES;
				CLANG_WARN_NON_LITERAL_NULL_CONVERSION = YES;
				CLANG_WARN_OBJC_LITERAL_CONVERSION = YES;
				CLANG_WARN_OBJC_ROOT_CLASS = YES_ERROR;
				CLANG_WARN_RANGE_LOOP_ANALYSIS = YES;
				CLANG_WARN_STRICT_PROTOTYPES = YES;
				CLANG_WARN_SUSPICIOUS_MOVE = YES;
				CLANG_WARN_UNGUARDED_AVAILABILITY = YES_AGGRESSIVE;
				CLANG_WARN_UNREACHABLE_CODE = YES;
				CLANG_WARN__DUPLICATE_METHOD_MATCH = YES;
				CODE_SIGN_IDENTITY = "iPhone Developer";
				COPY_PHASE_STRIP = NO;
				DEBUG_INFORMATION_FORMAT = "dwarf-with-dsym";
				ENABLE_NS_ASSERTIONS = NO;
				ENABLE_STRICT_OBJC_MSGSEND = YES;
				GCC_C_LANGUAGE_STANDARD = gnu11;
				GCC_NO_COMMON_BLOCKS = YES;
				GCC_WARN_64_TO_32_BIT_CONVERSION = YES;
				GCC_WARN_ABOUT_RETURN_TYPE = YES_ERROR;
				GCC_WARN_UNDECLARED_SELECTOR = YES;
				GCC_WARN_UNINITIALIZED_AUTOS = YES_AGGRESSIVE;
				GCC_WARN_UNUSED_FUNCTION = YES;
				GCC_WARN_UNUSED_VARIABLE = YES;
				IPHONEOS_DEPLOYMENT_TARGET = 11.2;
				MTL_ENABLE_DEBUG_INFO = NO;
				SDKROOT = iphoneos;
				SWIFT_OPTIMIZATION_LEVEL = "-Owholemodule";
				VALIDATE_PRODUCT = YES;
			};
			name = Release;
		};
		CDE0F3B3207CA1BA00C2C06F /* Debug */ = {
			isa = XCBuildConfiguration;
			buildSettings = {
				ASSETCATALOG_COMPILER_APPICON_NAME = AppIcon;
				CODE_SIGN_STYLE = Automatic;
				INFOPLIST_FILE = hugaku/Info.plist;
				LD_RUNPATH_SEARCH_PATHS = "$(inherited) @executable_path/Frameworks";
				PRODUCT_BUNDLE_IDENTIFIER = com.ching.hugaku;
				PRODUCT_NAME = "$(TARGET_NAME)";
				SWIFT_VERSION = 4.0;
				TARGETED_DEVICE_FAMILY = "1,2";
			};
			name = Debug;
		};
		CDE0F3B4207CA1BA00C2C06F /* Release */ = {
			isa = XCBuildConfiguration;
			buildSettings = {
				ASSETCATALOG_COMPILER_APPICON_NAME = AppIcon;
				CODE_SIGN_STYLE = Automatic;
				INFOPLIST_FILE = hugaku/Info.plist;
				LD_RUNPATH_SEARCH_PATHS = "$(inherited) @executable_path/Frameworks";
				PRODUCT_BUNDLE_IDENTIFIER = com.ching.hugaku;
				PRODUCT_NAME = "$(TARGET_NAME)";
				SWIFT_VERSION = 4.0;
				TARGETED_DEVICE_FAMILY = "1,2";
			};
			name = Release;
		};
/* End XCBuildConfiguration section */

/* Begin XCConfigurationList section */
		CDE0F39B207CA1BA00C2C06F /* Build configuration list for PBXProject "hugaku" */ = {
			isa = XCConfigurationList;
			buildConfigurations = (
				CDE0F3B0207CA1BA00C2C06F /* Debug */,
				CDE0F3B1207CA1BA00C2C06F /* Release */,
			);
			defaultConfigurationIsVisible = 0;
			defaultConfigurationName = Release;
		};
		CDE0F3B2207CA1BA00C2C06F /* Build configuration list for PBXNativeTarget "hugaku" */ = {
			isa = XCConfigurationList;
			buildConfigurations = (
				CDE0F3B3207CA1BA00C2C06F /* Debug */,
				CDE0F3B4207CA1BA00C2C06F /* Release */,
			);
			defaultConfigurationIsVisible = 0;
			defaultConfigurationName = Release;
		};
/* End XCConfigurationList section */
	};
	rootObject = CDE0F398207CA1BA00C2C06F /* Project object */;
}
